
Microsoft Visual Studio Solution File, Format Version 11.00
# Visual Studio 2010
Project("{FAE04EC0-301F-11D3-BF4B-00C04F79EFBC}") = "PixelArt", "PixelArt\PixelArt\PixelArt.csproj", "{2F5FC401-B537-4331-B982-F5174146BE23}"
EndProject
Project("{96E2B04D-8817-42C6-938A-82C39BA4D311}") = "PixelArtContent", "PixelArt\PixelArtContent\PixelArtContent.contentproj", "{887BAF81-5C67-40D0-9B1B-BF637273C7DD}"
EndProject
Global
	GlobalSection(SolutionConfigurationPlatforms) = preSolution
		Debug|x86 = Debug|x86
		Release|x86 = Release|x86
	EndGlobalSection
	GlobalSection(ProjectConfigurationPlatforms) = postSolution
		{2F5FC401-B537-4331-B982-F5174146BE23}.Debug|x86.ActiveCfg = Debug|x86
		{2F5FC401-B537-4331-B982-F5174146BE23}.Debug|x86.Build.0 = Debug|x86
		{2F5FC401-B537-4331-B982-F5174146BE23}.Release|x86.ActiveCfg = Release|x86
		{2F5FC401-B537-4331-B982-F5174146BE23}.Release|x86.Build.0 = Release|x86
		{887BAF81-5C67-40D0-9B1B-BF637273C7DD}.Debug|x86.ActiveCfg = Debug|x86
		{887BAF81-5C67-40D0-9B1B-BF637273C7DD}.Release|x86.ActiveCfg = Release|x86
	EndGlobalSection
	GlobalSection(SolutionProperties) = preSolution
		HideSolutionNode = FALSE
	EndGlobalSection
EndGlobal
